
Microsoft Visual Studio Solution File, Format Version 12.00
# Visual Studio Version 16
VisualStudioVersion = 16.0.31702.278
MinimumVisualStudioVersion = 10.0.40219.1
Project("{8BC9CEB8-8B4A-11D0-8D11-00A0C91BC942}") = "GeometricModelling", "GeometricModelling\GeometricModelling.vcxproj", "{B93C464F-2D02-4CBD-A50E-AAC1BCCE8393}"
EndProject
Project("{8BC9CEB8-8B4A-11D0-8D11-00A0C91BC942}") = "Subdivision", "Subdivision\Subdivision.vcxproj", "{70D1CD25-2806-4102-8DE4-962A2FC900E8}"
EndProject
Global
	GlobalSection(SolutionConfigurationPlatforms) = preSolution
		Debug|x64 = Debug|x64
		Debug|x86 = Debug|x86
		Release|x64 = Release|x64
		Release|x86 = Release|x86
	EndGlobalSection
	GlobalSection(ProjectConfigurationPlatforms) = postSolution
		{B93C464F-2D02-4CBD-A50E-AAC1BCCE8393}.Debug|x64.ActiveCfg = Debug|x64
		{B93C464F-2D02-4CBD-A50E-AAC1BCCE8393}.Debug|x64.Build.0 = Debug|x64
		{B93C464F-2D02-4CBD-A50E-AAC1BCCE8393}.Debug|x86.ActiveCfg = Debug|Win32
		{B93C464F-2D02-4CBD-A50E-AAC1BCCE8393}.Debug|x86.Build.0 = Debug|Win32
		{B93C464F-2D02-4CBD-A50E-AAC1BCCE8393}.Release|x64.ActiveCfg = Release|x64
		{B93C464F-2D02-4CBD-A50E-AAC1BCCE8393}.Release|x64.Build.0 = Release|x64
		{B93C464F-2D02-4CBD-A50E-AAC1BCCE8393}.Release|x86.ActiveCfg = Release|Win32
		{B93C464F-2D02-4CBD-A50E-AAC1BCCE8393}.Release|x86.Build.0 = Release|Win32
		{70D1CD25-2806-4102-8DE4-962A2FC900E8}.Debug|x64.ActiveCfg = Debug|x64
		{70D1CD25-2806-4102-8DE4-962A2FC900E8}.Debug|x64.Build.0 = Debug|x64
		{70D1CD25-2806-4102-8DE4-962A2FC900E8}.Debug|x86.ActiveCfg = Debug|Win32
		{70D1CD25-2806-4102-8DE4-962A2FC900E8}.Debug|x86.Build.0 = Debug|Win32
		{70D1CD25-2806-4102-8DE4-962A2FC900E8}.Release|x64.ActiveCfg = Release|x64
		{70D1CD25-2806-4102-8DE4-962A2FC900E8}.Release|x64.Build.0 = Release|x64
		{70D1CD25-2806-4102-8DE4-962A2FC900E8}.Release|x86.ActiveCfg = Release|Win32
		{70D1CD25-2806-4102-8DE4-962A2FC900E8}.Release|x86.Build.0 = Release|Win32
	EndGlobalSection
	GlobalSection(SolutionProperties) = preSolution
		HideSolutionNode = FALSE
	EndGlobalSection
	GlobalSection(ExtensibilityGlobals) = postSolution
		SolutionGuid = {B721AEB9-16CF-448C-AC58-81D8AB1E4B17}
	EndGlobalSection
EndGlobal
